
Microsoft Visual Studio Solution File, Format Version 12.00
# Visual Studio Version 17
VisualStudioVersion = 17.4.33213.308
MinimumVisualStudioVersion = 10.0.40219.1
Project("{2150E333-8FDC-42A3-9474-1A3956D46DE8}") = "Tutorials", "Tutorials", "{EF095AA6-F290-4FC9-A578-5231DBD1841A}"
EndProject
Project("{8BC9CEB8-8B4A-11D0-8D11-00A0C91BC942}") = "lesson0", "src\project\lesson0\lesson0.vcxproj", "{395DB8A5-F08D-4066-A632-83EE5E9C4472}"
EndProject
Project("{8BC9CEB8-8B4A-11D0-8D11-00A0C91BC942}") = "lesson1", "src\project\lesson1\lesson1.vcxproj", "{0C8937D9-59D6-42BE-B730-BFB5871509D4}"
EndProject
Project("{8BC9CEB8-8B4A-11D0-8D11-00A0C91BC942}") = "experimentsSprites", "src\project\experiments\spriteTests\experimentsSprites.vcxproj", "{EFCADE53-EB1D-41E1-AFBB-87B02C5C9774}"
EndProject
Project("{2150E333-8FDC-42A3-9474-1A3956D46DE8}") = "Experiments", "Experiments", "{A0C84F5B-CDD7-445F-A29C-11665713471F}"
EndProject
Project("{8BC9CEB8-8B4A-11D0-8D11-00A0C91BC942}") = "experimentsFeedback", "src\project\experiments\feedbackEffects\experimentsFeedback.vcxproj", "{24EA81D0-48BB-4B68-8038-F213467878B2}"
EndProject
Project("{8BC9CEB8-8B4A-11D0-8D11-00A0C91BC942}") = "experimentsMesh", "src\project\experiments\meshTests\experimentsMesh.vcxproj", "{3747FDCD-67EB-418E-AA47-3FBAAE07114D}"
EndProject
Project("{8BC9CEB8-8B4A-11D0-8D11-00A0C91BC942}") = "experimentsPacked", "src\project\experiments\packedEffects\experimentsPacked.vcxproj", "{DAF8148D-7EA8-4128-8398-57A7AFC88F79}"
EndProject
Project("{8BC9CEB8-8B4A-11D0-8D11-00A0C91BC942}") = "experimentsVolume", "src\project\experiments\volumeEffects\experimentsVolume.vcxproj", "{A2C211C2-6F41-45E9-B081-306480260A2F}"
EndProject
Global
	GlobalSection(SolutionConfigurationPlatforms) = preSolution
		Debug|x64 = Debug|x64
		Debug|x86 = Debug|x86
		Release|x64 = Release|x64
		Release|x86 = Release|x86
	EndGlobalSection
	GlobalSection(ProjectConfigurationPlatforms) = postSolution
		{395DB8A5-F08D-4066-A632-83EE5E9C4472}.Debug|x64.ActiveCfg = Debug|Win32
		{395DB8A5-F08D-4066-A632-83EE5E9C4472}.Debug|x64.Build.0 = Debug|Win32
		{395DB8A5-F08D-4066-A632-83EE5E9C4472}.Debug|x86.ActiveCfg = Debug|Win32
		{395DB8A5-F08D-4066-A632-83EE5E9C4472}.Debug|x86.Build.0 = Debug|Win32
		{395DB8A5-F08D-4066-A632-83EE5E9C4472}.Release|x64.ActiveCfg = Release|Win32
		{395DB8A5-F08D-4066-A632-83EE5E9C4472}.Release|x86.ActiveCfg = Release|Win32
		{395DB8A5-F08D-4066-A632-83EE5E9C4472}.Release|x86.Build.0 = Release|Win32
		{0C8937D9-59D6-42BE-B730-BFB5871509D4}.Debug|x64.ActiveCfg = Debug|x64
		{0C8937D9-59D6-42BE-B730-BFB5871509D4}.Debug|x64.Build.0 = Debug|x64
		{0C8937D9-59D6-42BE-B730-BFB5871509D4}.Debug|x86.ActiveCfg = Debug|Win32
		{0C8937D9-59D6-42BE-B730-BFB5871509D4}.Debug|x86.Build.0 = Debug|Win32
		{0C8937D9-59D6-42BE-B730-BFB5871509D4}.Release|x64.ActiveCfg = Release|x64
		{0C8937D9-59D6-42BE-B730-BFB5871509D4}.Release|x64.Build.0 = Release|x64
		{0C8937D9-59D6-42BE-B730-BFB5871509D4}.Release|x86.ActiveCfg = Release|Win32
		{0C8937D9-59D6-42BE-B730-BFB5871509D4}.Release|x86.Build.0 = Release|Win32
		{EFCADE53-EB1D-41E1-AFBB-87B02C5C9774}.Debug|x64.ActiveCfg = Debug|Win32
		{EFCADE53-EB1D-41E1-AFBB-87B02C5C9774}.Debug|x64.Build.0 = Debug|Win32
		{EFCADE53-EB1D-41E1-AFBB-87B02C5C9774}.Debug|x86.ActiveCfg = Debug|Win32
		{EFCADE53-EB1D-41E1-AFBB-87B02C5C9774}.Debug|x86.Build.0 = Debug|Win32
		{EFCADE53-EB1D-41E1-AFBB-87B02C5C9774}.Release|x64.ActiveCfg = Release|Win32
		{EFCADE53-EB1D-41E1-AFBB-87B02C5C9774}.Release|x64.Build.0 = Release|Win32
		{EFCADE53-EB1D-41E1-AFBB-87B02C5C9774}.Release|x86.ActiveCfg = Release|Win32
		{EFCADE53-EB1D-41E1-AFBB-87B02C5C9774}.Release|x86.Build.0 = Release|Win32
		{24EA81D0-48BB-4B68-8038-F213467878B2}.Debug|x64.ActiveCfg = Debug|Win32
		{24EA81D0-48BB-4B68-8038-F213467878B2}.Debug|x64.Build.0 = Debug|Win32
		{24EA81D0-48BB-4B68-8038-F213467878B2}.Debug|x86.ActiveCfg = Debug|Win32
		{24EA81D0-48BB-4B68-8038-F213467878B2}.Debug|x86.Build.0 = Debug|Win32
		{24EA81D0-48BB-4B68-8038-F213467878B2}.Release|x64.ActiveCfg = Release|Win32
		{24EA81D0-48BB-4B68-8038-F213467878B2}.Release|x64.Build.0 = Release|Win32
		{24EA81D0-48BB-4B68-8038-F213467878B2}.Release|x86.ActiveCfg = Release|Win32
		{24EA81D0-48BB-4B68-8038-F213467878B2}.Release|x86.Build.0 = Release|Win32
		{3747FDCD-67EB-418E-AA47-3FBAAE07114D}.Debug|x64.ActiveCfg = Debug|Win32
		{3747FDCD-67EB-418E-AA47-3FBAAE07114D}.Debug|x64.Build.0 = Debug|Win32
		{3747FDCD-67EB-418E-AA47-3FBAAE07114D}.Debug|x86.ActiveCfg = Debug|Win32
		{3747FDCD-67EB-418E-AA47-3FBAAE07114D}.Debug|x86.Build.0 = Debug|Win32
		{3747FDCD-67EB-418E-AA47-3FBAAE07114D}.Release|x64.ActiveCfg = Release|Win32
		{3747FDCD-67EB-418E-AA47-3FBAAE07114D}.Release|x64.Build.0 = Release|Win32
		{3747FDCD-67EB-418E-AA47-3FBAAE07114D}.Release|x86.ActiveCfg = Release|Win32
		{3747FDCD-67EB-418E-AA47-3FBAAE07114D}.Release|x86.Build.0 = Release|Win32
		{DAF8148D-7EA8-4128-8398-57A7AFC88F79}.Debug|x64.ActiveCfg = Debug|Win32
		{DAF8148D-7EA8-4128-8398-57A7AFC88F79}.Debug|x64.Build.0 = Debug|Win32
		{DAF8148D-7EA8-4128-8398-57A7AFC88F79}.Debug|x86.ActiveCfg = Debug|Win32
		{DAF8148D-7EA8-4128-8398-57A7AFC88F79}.Debug|x86.Build.0 = Debug|Win32
		{DAF8148D-7EA8-4128-8398-57A7AFC88F79}.Release|x64.ActiveCfg = Release|Win32
		{DAF8148D-7EA8-4128-8398-57A7AFC88F79}.Release|x64.Build.0 = Release|Win32
		{DAF8148D-7EA8-4128-8398-57A7AFC88F79}.Release|x86.ActiveCfg = Release|Win32
		{DAF8148D-7EA8-4128-8398-57A7AFC88F79}.Release|x86.Build.0 = Release|Win32
		{A2C211C2-6F41-45E9-B081-306480260A2F}.Debug|x64.ActiveCfg = Debug|Win32
		{A2C211C2-6F41-45E9-B081-306480260A2F}.Debug|x64.Build.0 = Debug|Win32
		{A2C211C2-6F41-45E9-B081-306480260A2F}.Debug|x86.ActiveCfg = Debug|Win32
		{A2C211C2-6F41-45E9-B081-306480260A2F}.Debug|x86.Build.0 = Debug|Win32
		{A2C211C2-6F41-45E9-B081-306480260A2F}.Release|x64.ActiveCfg = Release|Win32
		{A2C211C2-6F41-45E9-B081-306480260A2F}.Release|x64.Build.0 = Release|Win32
		{A2C211C2-6F41-45E9-B081-306480260A2F}.Release|x86.ActiveCfg = Release|Win32
		{A2C211C2-6F41-45E9-B081-306480260A2F}.Release|x86.Build.0 = Release|Win32
	EndGlobalSection
	GlobalSection(SolutionProperties) = preSolution
		HideSolutionNode = FALSE
	EndGlobalSection
	GlobalSection(NestedProjects) = preSolution
		{395DB8A5-F08D-4066-A632-83EE5E9C4472} = {EF095AA6-F290-4FC9-A578-5231DBD1841A}
		{0C8937D9-59D6-42BE-B730-BFB5871509D4} = {EF095AA6-F290-4FC9-A578-5231DBD1841A}
		{EFCADE53-EB1D-41E1-AFBB-87B02C5C9774} = {A0C84F5B-CDD7-445F-A29C-11665713471F}
		{24EA81D0-48BB-4B68-8038-F213467878B2} = {A0C84F5B-CDD7-445F-A29C-11665713471F}
		{3747FDCD-67EB-418E-AA47-3FBAAE07114D} = {A0C84F5B-CDD7-445F-A29C-11665713471F}
		{DAF8148D-7EA8-4128-8398-57A7AFC88F79} = {A0C84F5B-CDD7-445F-A29C-11665713471F}
		{A2C211C2-6F41-45E9-B081-306480260A2F} = {A0C84F5B-CDD7-445F-A29C-11665713471F}
	EndGlobalSection
	GlobalSection(ExtensibilityGlobals) = postSolution
		SolutionGuid = {19704807-C8A0-4206-A26E-4F37F3F3A047}
	EndGlobalSection
EndGlobal
